
Microsoft Visual Studio Solution File, Format Version 12.00
# Visual Studio Version 16
VisualStudioVersion = 16.0.31729.503
MinimumVisualStudioVersion = 10.0.40219.1
Project("{FAE04EC0-301F-11D3-BF4B-00C04F79EFBC}") = "Pr_4_zad_2", "Pr_4_zad_2\Pr_4_zad_2.csproj", "{8B80CAF2-0F67-4D30-BA0E-FEDC745A9C8B}"
EndProject
Global
	GlobalSection(SolutionConfigurationPlatforms) = preSolution
		Debug|Any CPU = Debug|Any CPU
		Release|Any CPU = Release|Any CPU
	EndGlobalSection
	GlobalSection(ProjectConfigurationPlatforms) = postSolution
		{8B80CAF2-0F67-4D30-BA0E-FEDC745A9C8B}.Debug|Any CPU.ActiveCfg = Debug|Any CPU
		{8B80CAF2-0F67-4D30-BA0E-FEDC745A9C8B}.Debug|Any CPU.Build.0 = Debug|Any CPU
		{8B80CAF2-0F67-4D30-BA0E-FEDC745A9C8B}.Release|Any CPU.ActiveCfg = Release|Any CPU
		{8B80CAF2-0F67-4D30-BA0E-FEDC745A9C8B}.Release|Any CPU.Build.0 = Release|Any CPU
	EndGlobalSection
	GlobalSection(SolutionProperties) = preSolution
		HideSolutionNode = FALSE
	EndGlobalSection
	GlobalSection(ExtensibilityGlobals) = postSolution
		SolutionGuid = {E76F39EF-28AA-4CEE-B481-A60FE38013BA}
	EndGlobalSection
EndGlobal
